PODS:
  - AFNetworking (4.0.1):
    - AFNetworking/NSURLSession (= 4.0.1)
    - AFNetworking/Reachability (= 4.0.1)
    - AFNetworking/Security (= 4.0.1)
    - AFNetworking/Serialization (= 4.0.1)
    - AFNetworking/UIKit (= 4.0.1)
  - AFNetworking/NSURLSession (4.0.1):
    - AFNetworking/Reachability
    - AFNetworking/Security
    - AFNetworking/Serialization
  - AFNetworking/Reachability (4.0.1)
  - AFNetworking/Security (4.0.1)
  - AFNetworking/Serialization (4.0.1)
  - AFNetworking/UIKit (4.0.1):
    - AFNetworking/NSURLSession
  - FUBeautyComponent (1.0):
    - FUCommonUIComponent
    - FURenderKit
  - FUCommonUIComponent (1.0)
  - FUGreenScreenComponent (1.0):
    - FUCommonUIComponent
    - FURenderKit
  - FUMakeupComponent (1.0):
    - FUCommonUIComponent
    - FURenderKit
  - FURenderKit (1.0)
  - Masonry (1.1.0)
  - SDWebImage (5.13.1):
    - SDWebImage/Core (= 5.13.1)
  - SDWebImage/Core (5.13.1)
  - SSZipArchive (2.4.3)
  - YYModel (1.0.4)

DEPENDENCIES:
  - AFNetworking (~> 4.0.0)
  - FUBeautyComponent (from `FUBeautyComponent/`)
  - FUCommonUIComponent (from `FUCommonUIComponent/`)
  - FUGreenScreenComponent (from `FUGreenScreenComponent/`)
  - FUMakeupComponent (from `FUMakeupComponent/`)
  - FURenderKit (from `FURenderKit/`)
  - Masonry
  - SDWebImage
  - SSZipArchive
  - YYModel

SPEC REPOS:
  trunk:
    - AFNetworking
    - Masonry
    - SDWebImage
    - SSZipArchive
    - YYModel

EXTERNAL SOURCES:
  FUBeautyComponent:
    :path: FUBeautyComponent/
  FUCommonUIComponent:
    :path: FUCommonUIComponent/
  FUGreenScreenComponent:
    :path: FUGreenScreenComponent/
  FUMakeupComponent:
    :path: FUMakeupComponent/
  FURenderKit:
    :path: FURenderKit/

SPEC CHECKSUMS:
  AFNetworking: 3bd23d814e976cd148d7d44c3ab78017b744cd58
  FUBeautyComponent: 998c6203baab91feb8504a381dc0aa9d0ed35604
  FUCommonUIComponent: dfff1a65a75d6abf937ca0fce1b0a2803ccd4f58
  FUGreenScreenComponent: 366915234321070af348af576794a107096742b9
  FUMakeupComponent: a9cafeb1a4032876a8b6a848b074adf6c460e155
  FURenderKit: 6cc43d5a100b0793dc801c7d8ed5b133a4379a7d
  Masonry: 678fab65091a9290e40e2832a55e7ab731aad201
  SDWebImage: fb26a455eeda4c7a55e4dcb6172dbb258af7a4ca
  SSZipArchive: fe6a26b2a54d5a0890f2567b5cc6de5caa600aef
  YYModel: 2a7fdd96aaa4b86a824e26d0c517de8928c04b30

PODFILE CHECKSUM: 12344084fae4fa8c899286c074bd0f9dde073d2a

COCOAPODS: 1.11.3
