// !$*UTF8*$!
{
	archiveVersion = 1;
	classes = {
	};
	objectVersion = 55;
	objects = {

/* Begin PBXBuildFile section */
		E3381CB528DC1698005C2E57 /* FURenderKit.framework in Frameworks */ = {isa = PBXBuildFile; fileRef = E3381CB428DC1698005C2E57 /* FURenderKit.framework */; };
		E3A58CCA28A3CCA100941101 /* FUGreenScreenComponent.h in Headers */ = {isa = PBXBuildFile; fileRef = E3A58CC928A3CCA100941101 /* FUGreenScreenComponent.h */; settings = {ATTRIBUTES = (Public, ); }; };
		E3A58CDB28A3CE0A00941101 /* FUGreenScreenKeyingViewModel.m in Sources */ = {isa = PBXBuildFile; fileRef = E3A58CD528A3CE0900941101 /* FUGreenScreenKeyingViewModel.m */; };
		E3A58CDC28A3CE0A00941101 /* FUGreenScreenSafeAreaViewModel.h in Headers */ = {isa = PBXBuildFile; fileRef = E3A58CD628A3CE0900941101 /* FUGreenScreenSafeAreaViewModel.h */; };
		E3A58CDD28A3CE0A00941101 /* FUGreenScreenBackgroundViewModel.h in Headers */ = {isa = PBXBuildFile; fileRef = E3A58CD728A3CE0900941101 /* FUGreenScreenBackgroundViewModel.h */; };
		E3A58CDE28A3CE0A00941101 /* FUGreenScreenSafeAreaViewModel.m in Sources */ = {isa = PBXBuildFile; fileRef = E3A58CD828A3CE0A00941101 /* FUGreenScreenSafeAreaViewModel.m */; };
		E3A58CDF28A3CE0A00941101 /* FUGreenScreenBackgroundViewModel.m in Sources */ = {isa = PBXBuildFile; fileRef = E3A58CD928A3CE0A00941101 /* FUGreenScreenBackgroundViewModel.m */; };
		E3A58CE028A3CE0A00941101 /* FUGreenScreenKeyingViewModel.h in Headers */ = {isa = PBXBuildFile; fileRef = E3A58CDA28A3CE0A00941101 /* FUGreenScreenKeyingViewModel.h */; };
		E3A58CE728A3CE3100941101 /* FUGreenScreenKeyingModel.m in Sources */ = {isa = PBXBuildFile; fileRef = E3A58CE128A3CE3000941101 /* FUGreenScreenKeyingModel.m */; };
		E3A58CE828A3CE3100941101 /* FUGreenScreenSafeAreaModel.h in Headers */ = {isa = PBXBuildFile; fileRef = E3A58CE228A3CE3100941101 /* FUGreenScreenSafeAreaModel.h */; };
		E3A58CE928A3CE3100941101 /* FUGreenScreenKeyingModel.h in Headers */ = {isa = PBXBuildFile; fileRef = E3A58CE328A3CE3100941101 /* FUGreenScreenKeyingModel.h */; };
		E3A58CEA28A3CE3100941101 /* FUGreenScreenBackgroundModel.h in Headers */ = {isa = PBXBuildFile; fileRef = E3A58CE428A3CE3100941101 /* FUGreenScreenBackgroundModel.h */; };
		E3A58CEB28A3CE3100941101 /* FUGreenScreenBackgroundModel.m in Sources */ = {isa = PBXBuildFile; fileRef = E3A58CE528A3CE3100941101 /* FUGreenScreenBackgroundModel.m */; };
		E3A58CEC28A3CE3100941101 /* FUGreenScreenSafeAreaModel.m in Sources */ = {isa = PBXBuildFile; fileRef = E3A58CE628A3CE3100941101 /* FUGreenScreenSafeAreaModel.m */; };
		E3A58CF528A3CE5900941101 /* FUGreenScreenSafeAreaView.h in Headers */ = {isa = PBXBuildFile; fileRef = E3A58CED28A3CE5900941101 /* FUGreenScreenSafeAreaView.h */; };
		E3A58CF628A3CE5900941101 /* FUGreenScreenKeyingView.h in Headers */ = {isa = PBXBuildFile; fileRef = E3A58CEE28A3CE5900941101 /* FUGreenScreenKeyingView.h */; };
		E3A58CF728A3CE5900941101 /* FUGreenScreenColorPicker.h in Headers */ = {isa = PBXBuildFile; fileRef = E3A58CEF28A3CE5900941101 /* FUGreenScreenColorPicker.h */; };
		E3A58CF828A3CE5900941101 /* FUGreenScreenBackgroundView.m in Sources */ = {isa = PBXBuildFile; fileRef = E3A58CF028A3CE5900941101 /* FUGreenScreenBackgroundView.m */; };
		E3A58CF928A3CE5900941101 /* FUGreenScreenKeyingView.m in Sources */ = {isa = PBXBuildFile; fileRef = E3A58CF128A3CE5900941101 /* FUGreenScreenKeyingView.m */; };
		E3A58CFA28A3CE5900941101 /* FUGreenScreenBackgroundView.h in Headers */ = {isa = PBXBuildFile; fileRef = E3A58CF228A3CE5900941101 /* FUGreenScreenBackgroundView.h */; };
		E3A58CFB28A3CE5900941101 /* FUGreenScreenSafeAreaView.m in Sources */ = {isa = PBXBuildFile; fileRef = E3A58CF328A3CE5900941101 /* FUGreenScreenSafeAreaView.m */; };
		E3A58CFC28A3CE5900941101 /* FUGreenScreenColorPicker.m in Sources */ = {isa = PBXBuildFile; fileRef = E3A58CF428A3CE5900941101 /* FUGreenScreenColorPicker.m */; };
		E3A58D6028A4AEF500941101 /* FUGreenScreenDefine.h in Headers */ = {isa = PBXBuildFile; fileRef = E3A58D5E28A4AEF500941101 /* FUGreenScreenDefine.h */; };
		E3A58D6128A4AEF500941101 /* FUGreenScreenDefine.m in Sources */ = {isa = PBXBuildFile; fileRef = E3A58D5F28A4AEF500941101 /* FUGreenScreenDefine.m */; };
		E3A58D8628A4B4F000941101 /* green_screen_keying.json in Resources */ = {isa = PBXBuildFile; fileRef = E3A58D7C28A4B4EF00941101 /* green_screen_keying.json */; };
		E3A58D8D28A4B4F000941101 /* green_screen_background.json in Resources */ = {isa = PBXBuildFile; fileRef = E3A58D8328A4B4F000941101 /* green_screen_background.json */; };
		E3A58D9028A4B5ED00941101 /* FUGreenScreenComponentManager.h in Headers */ = {isa = PBXBuildFile; fileRef = E3A58D8E28A4B5ED00941101 /* FUGreenScreenComponentManager.h */; settings = {ATTRIBUTES = (Public, ); }; };
		E3A58D9128A4B5ED00941101 /* FUGreenScreenComponentManager.m in Sources */ = {isa = PBXBuildFile; fileRef = E3A58D8F28A4B5ED00941101 /* FUGreenScreenComponentManager.m */; };
		E3A58DB628A4F9A100941101 /* FUCommonUIComponent.framework in Frameworks */ = {isa = PBXBuildFile; fileRef = E3A58D6828A4B07D00941101 /* FUCommonUIComponent.framework */; };
/* End PBXBuildFile section */

/* Begin PBXFileReference section */
		E3381CB428DC1698005C2E57 /* FURenderKit.framework */ = {isa = PBXFileReference; lastKnownFileType = wrapper.framework; name = FURenderKit.framework; path = ../FULiveDemo/FURenderKit/FURenderKit.framework; sourceTree = "<group>"; };
		E3A58CC628A3CCA100941101 /* FUGreenScreenComponent.framework */ = {isa = PBXFileReference; explicitFileType = wrapper.framework; includeInIndex = 0; path = FUGreenScreenComponent.framework; sourceTree = BUILT_PRODUCTS_DIR; };
		E3A58CC928A3CCA100941101 /* FUGreenScreenComponent.h */ = {isa = PBXFileReference; lastKnownFileType = sourcecode.c.h; path = FUGreenScreenComponent.h; sourceTree = "<group>"; };
		E3A58CD528A3CE0900941101 /* FUGreenScreenKeyingViewModel.m */ = {isa = PBXFileReference; fileEncoding = 4; lastKnownFileType = sourcecode.c.objc; path = FUGreenScreenKeyingViewModel.m; sourceTree = "<group>"; };
		E3A58CD628A3CE0900941101 /* FUGreenScreenSafeAreaViewModel.h */ = {isa = PBXFileReference; fileEncoding = 4; lastKnownFileType = sourcecode.c.h; path = FUGreenScreenSafeAreaViewModel.h; sourceTree = "<group>"; };
		E3A58CD728A3CE0900941101 /* FUGreenScreenBackgroundViewModel.h */ = {isa = PBXFileReference; fileEncoding = 4; lastKnownFileType = sourcecode.c.h; path = FUGreenScreenBackgroundViewModel.h; sourceTree = "<group>"; };
		E3A58CD828A3CE0A00941101 /* FUGreenScreenSafeAreaViewModel.m */ = {isa = PBXFileReference; fileEncoding = 4; lastKnownFileType = sourcecode.c.objc; path = FUGreenScreenSafeAreaViewModel.m; sourceTree = "<group>"; };
		E3A58CD928A3CE0A00941101 /* FUGreenScreenBackgroundViewModel.m */ = {isa = PBXFileReference; fileEncoding = 4; lastKnownFileType = sourcecode.c.objc; path = FUGreenScreenBackgroundViewModel.m; sourceTree = "<group>"; };
		E3A58CDA28A3CE0A00941101 /* FUGreenScreenKeyingViewModel.h */ = {isa = PBXFileReference; fileEncoding = 4; lastKnownFileType = sourcecode.c.h; path = FUGreenScreenKeyingViewModel.h; sourceTree = "<group>"; };
		E3A58CE128A3CE3000941101 /* FUGreenScreenKeyingModel.m */ = {isa = PBXFileReference; fileEncoding = 4; lastKnownFileType = sourcecode.c.objc; path = FUGreenScreenKeyingModel.m; sourceTree = "<group>"; };
		E3A58CE228A3CE3100941101 /* FUGreenScreenSafeAreaModel.h */ = {isa = PBXFileReference; fileEncoding = 4; lastKnownFileType = sourcecode.c.h; path = FUGreenScreenSafeAreaModel.h; sourceTree = "<group>"; };
		E3A58CE328A3CE3100941101 /* FUGreenScreenKeyingModel.h */ = {isa = PBXFileReference; fileEncoding = 4; lastKnownFileType = sourcecode.c.h; path = FUGreenScreenKeyingModel.h; sourceTree = "<group>"; };
		E3A58CE428A3CE3100941101 /* FUGreenScreenBackgroundModel.h */ = {isa = PBXFileReference; fileEncoding = 4; lastKnownFileType = sourcecode.c.h; path = FUGreenScreenBackgroundModel.h; sourceTree = "<group>"; };
		E3A58CE528A3CE3100941101 /* FUGreenScreenBackgroundModel.m */ = {isa = PBXFileReference; fileEncoding = 4; lastKnownFileType = sourcecode.c.objc; path = FUGreenScreenBackgroundModel.m; sourceTree = "<group>"; };
		E3A58CE628A3CE3100941101 /* FUGreenScreenSafeAreaModel.m */ = {isa = PBXFileReference; fileEncoding = 4; lastKnownFileType = sourcecode.c.objc; path = FUGreenScreenSafeAreaModel.m; sourceTree = "<group>"; };
		E3A58CED28A3CE5900941101 /* FUGreenScreenSafeAreaView.h */ = {isa = PBXFileReference; fileEncoding = 4; lastKnownFileType = sourcecode.c.h; path = FUGreenScreenSafeAreaView.h; sourceTree = "<group>"; };
		E3A58CEE28A3CE5900941101 /* FUGreenScreenKeyingView.h */ = {isa = PBXFileReference; fileEncoding = 4; lastKnownFileType = sourcecode.c.h; path = FUGreenScreenKeyingView.h; sourceTree = "<group>"; };
		E3A58CEF28A3CE5900941101 /* FUGreenScreenColorPicker.h */ = {isa = PBXFileReference; fileEncoding = 4; lastKnownFileType = sourcecode.c.h; path = FUGreenScreenColorPicker.h; sourceTree = "<group>"; };
		E3A58CF028A3CE5900941101 /* FUGreenScreenBackgroundView.m */ = {isa = PBXFileReference; fileEncoding = 4; lastKnownFileType = sourcecode.c.objc; path = FUGreenScreenBackgroundView.m; sourceTree = "<group>"; };
		E3A58CF128A3CE5900941101 /* FUGreenScreenKeyingView.m */ = {isa = PBXFileReference; fileEncoding = 4; lastKnownFileType = sourcecode.c.objc; path = FUGreenScreenKeyingView.m; sourceTree = "<group>"; };
		E3A58CF228A3CE5900941101 /* FUGreenScreenBackgroundView.h */ = {isa = PBXFileReference; fileEncoding = 4; lastKnownFileType = sourcecode.c.h; path = FUGreenScreenBackgroundView.h; sourceTree = "<group>"; };
		E3A58CF328A3CE5900941101 /* FUGreenScreenSafeAreaView.m */ = {isa = PBXFileReference; fileEncoding = 4; lastKnownFileType = sourcecode.c.objc; path = FUGreenScreenSafeAreaView.m; sourceTree = "<group>"; };
		E3A58CF428A3CE5900941101 /* FUGreenScreenColorPicker.m */ = {isa = PBXFileReference; fileEncoding = 4; lastKnownFileType = sourcecode.c.objc; path = FUGreenScreenColorPicker.m; sourceTree = "<group>"; };
		E3A58D5E28A4AEF500941101 /* FUGreenScreenDefine.h */ = {isa = PBXFileReference; lastKnownFileType = sourcecode.c.h; path = FUGreenScreenDefine.h; sourceTree = "<group>"; };
		E3A58D5F28A4AEF500941101 /* FUGreenScreenDefine.m */ = {isa = PBXFileReference; lastKnownFileType = sourcecode.c.objc; path = FUGreenScreenDefine.m; sourceTree = "<group>"; };
		E3A58D6828A4B07D00941101 /* FUCommonUIComponent.framework */ = {isa = PBXFileReference; explicitFileType = wrapper.framework; path = FUCommonUIComponent.framework; sourceTree = BUILT_PRODUCTS_DIR; };
		E3A58D7C28A4B4EF00941101 /* green_screen_keying.json */ = {isa = PBXFileReference; fileEncoding = 4; lastKnownFileType = text.json; path = green_screen_keying.json; sourceTree = "<group>"; };
		E3A58D8328A4B4F000941101 /* green_screen_background.json */ = {isa = PBXFileReference; fileEncoding = 4; lastKnownFileType = text.json; path = green_screen_background.json; sourceTree = "<group>"; };
		E3A58D8E28A4B5ED00941101 /* FUGreenScreenComponentManager.h */ = {isa = PBXFileReference; lastKnownFileType = sourcecode.c.h; path = FUGreenScreenComponentManager.h; sourceTree = "<group>"; };
		E3A58D8F28A4B5ED00941101 /* FUGreenScreenComponentManager.m */ = {isa = PBXFileReference; lastKnownFileType = sourcecode.c.objc; path = FUGreenScreenComponentManager.m; sourceTree = "<group>"; };
/* End PBXFileReference section */

/* Begin PBXFrameworksBuildPhase section */
		E3A58CC328A3CCA100941101 /* Frameworks */ = {
			isa = PBXFrameworksBuildPhase;
			buildActionMask = 2147483647;
			files = (
				E3381CB528DC1698005C2E57 /* FURenderKit.framework in Frameworks */,
				E3A58DB628A4F9A100941101 /* FUCommonUIComponent.framework in Frameworks */,
			);
			runOnlyForDeploymentPostprocessing = 0;
		};
/* End PBXFrameworksBuildPhase section */

/* Begin PBXGroup section */
		E3A58CBC28A3CCA100941101 = {
			isa = PBXGroup;
			children = (
				E3A58CC828A3CCA100941101 /* FUGreenScreenComponent */,
				E3A58CC728A3CCA100941101 /* Products */,
				E3A58D5928A4AEA900941101 /* Frameworks */,
			);
			sourceTree = "<group>";
		};
		E3A58CC728A3CCA100941101 /* Products */ = {
			isa = PBXGroup;
			children = (
				E3A58CC628A3CCA100941101 /* FUGreenScreenComponent.framework */,
			);
			name = Products;
			sourceTree = "<group>";
		};
		E3A58CC828A3CCA100941101 /* FUGreenScreenComponent */ = {
			isa = PBXGroup;
			children = (
				E3A58CD228A3CD3C00941101 /* Model */,
				E3A58CD128A3CD3800941101 /* View */,
				E3A58CD028A3CD3400941101 /* ViewModel */,
				E3A58CD328A3CD4200941101 /* Resource */,
				E3A58CC928A3CCA100941101 /* FUGreenScreenComponent.h */,
				E3A58D5E28A4AEF500941101 /* FUGreenScreenDefine.h */,
				E3A58D5F28A4AEF500941101 /* FUGreenScreenDefine.m */,
				E3A58D8E28A4B5ED00941101 /* FUGreenScreenComponentManager.h */,
				E3A58D8F28A4B5ED00941101 /* FUGreenScreenComponentManager.m */,
			);
			path = FUGreenScreenComponent;
			sourceTree = "<group>";
		};
		E3A58CD028A3CD3400941101 /* ViewModel */ = {
			isa = PBXGroup;
			children = (
				E3A58CD728A3CE0900941101 /* FUGreenScreenBackgroundViewModel.h */,
				E3A58CD928A3CE0A00941101 /* FUGreenScreenBackgroundViewModel.m */,
				E3A58CDA28A3CE0A00941101 /* FUGreenScreenKeyingViewModel.h */,
				E3A58CD528A3CE0900941101 /* FUGreenScreenKeyingViewModel.m */,
				E3A58CD628A3CE0900941101 /* FUGreenScreenSafeAreaViewModel.h */,
				E3A58CD828A3CE0A00941101 /* FUGreenScreenSafeAreaViewModel.m */,
			);
			path = ViewModel;
			sourceTree = "<group>";
		};
		E3A58CD128A3CD3800941101 /* View */ = {
			isa = PBXGroup;
			children = (
				E3A58CF228A3CE5900941101 /* FUGreenScreenBackgroundView.h */,
				E3A58CF028A3CE5900941101 /* FUGreenScreenBackgroundView.m */,
				E3A58CEF28A3CE5900941101 /* FUGreenScreenColorPicker.h */,
				E3A58CF428A3CE5900941101 /* FUGreenScreenColorPicker.m */,
				E3A58CEE28A3CE5900941101 /* FUGreenScreenKeyingView.h */,
				E3A58CF128A3CE5900941101 /* FUGreenScreenKeyingView.m */,
				E3A58CED28A3CE5900941101 /* FUGreenScreenSafeAreaView.h */,
				E3A58CF328A3CE5900941101 /* FUGreenScreenSafeAreaView.m */,
			);
			path = View;
			sourceTree = "<group>";
		};
		E3A58CD228A3CD3C00941101 /* Model */ = {
			isa = PBXGroup;
			children = (
				E3A58CE428A3CE3100941101 /* FUGreenScreenBackgroundModel.h */,
				E3A58CE528A3CE3100941101 /* FUGreenScreenBackgroundModel.m */,
				E3A58CE328A3CE3100941101 /* FUGreenScreenKeyingModel.h */,
				E3A58CE128A3CE3000941101 /* FUGreenScreenKeyingModel.m */,
				E3A58CE228A3CE3100941101 /* FUGreenScreenSafeAreaModel.h */,
				E3A58CE628A3CE3100941101 /* FUGreenScreenSafeAreaModel.m */,
			);
			path = Model;
			sourceTree = "<group>";
		};
		E3A58CD328A3CD4200941101 /* Resource */ = {
			isa = PBXGroup;
			children = (
				E3A58D8328A4B4F000941101 /* green_screen_background.json */,
				E3A58D7C28A4B4EF00941101 /* green_screen_keying.json */,
			);
			path = Resource;
			sourceTree = "<group>";
		};
		E3A58D5928A4AEA900941101 /* Frameworks */ = {
			isa = PBXGroup;
			children = (
				E3381CB428DC1698005C2E57 /* FURenderKit.framework */,
				E3A58D6828A4B07D00941101 /* FUCommonUIComponent.framework */,
			);
			name = Frameworks;
			sourceTree = "<group>";
		};
/* End PBXGroup section */

/* Begin PBXHeadersBuildPhase section */
		E3A58CC128A3CCA100941101 /* Headers */ = {
			isa = PBXHeadersBuildPhase;
			buildActionMask = 2147483647;
			files = (
				E3A58CFA28A3CE5900941101 /* FUGreenScreenBackgroundView.h in Headers */,
				E3A58CF528A3CE5900941101 /* FUGreenScreenSafeAreaView.h in Headers */,
				E3A58CEA28A3CE3100941101 /* FUGreenScreenBackgroundModel.h in Headers */,
				E3A58CDC28A3CE0A00941101 /* FUGreenScreenSafeAreaViewModel.h in Headers */,
				E3A58CF728A3CE5900941101 /* FUGreenScreenColorPicker.h in Headers */,
				E3A58CE828A3CE3100941101 /* FUGreenScreenSafeAreaModel.h in Headers */,
				E3A58D9028A4B5ED00941101 /* FUGreenScreenComponentManager.h in Headers */,
				E3A58CE928A3CE3100941101 /* FUGreenScreenKeyingModel.h in Headers */,
				E3A58CCA28A3CCA100941101 /* FUGreenScreenComponent.h in Headers */,
				E3A58CDD28A3CE0A00941101 /* FUGreenScreenBackgroundViewModel.h in Headers */,
				E3A58CE028A3CE0A00941101 /* FUGreenScreenKeyingViewModel.h in Headers */,
				E3A58D6028A4AEF500941101 /* FUGreenScreenDefine.h in Headers */,
				E3A58CF628A3CE5900941101 /* FUGreenScreenKeyingView.h in Headers */,
			);
			runOnlyForDeploymentPostprocessing = 0;
		};
/* End PBXHeadersBuildPhase section */

/* Begin PBXNativeTarget section */
		E3A58CC528A3CCA100941101 /* FUGreenScreenComponent */ = {
			isa = PBXNativeTarget;
			buildConfigurationList = E3A58CCD28A3CCA100941101 /* Build configuration list for PBXNativeTarget "FUGreenScreenComponent" */;
			buildPhases = (
				E3A58CC128A3CCA100941101 /* Headers */,
				E3A58CC228A3CCA100941101 /* Sources */,
				E3A58CC328A3CCA100941101 /* Frameworks */,
				E3A58CC428A3CCA100941101 /* Resources */,
			);
			buildRules = (
			);
			dependencies = (
			);
			name = FUGreenScreenComponent;
			productName = FUGreenScreenComponent;
			productReference = E3A58CC628A3CCA100941101 /* FUGreenScreenComponent.framework */;
			productType = "com.apple.product-type.framework";
		};
/* End PBXNativeTarget section */

/* Begin PBXProject section */
		E3A58CBD28A3CCA100941101 /* Project object */ = {
			isa = PBXProject;
			attributes = {
				BuildIndependentTargetsInParallel = 1;
				LastUpgradeCheck = 1340;
				TargetAttributes = {
					E3A58CC528A3CCA100941101 = {
						CreatedOnToolsVersion = 13.4.1;
					};
				};
			};
			buildConfigurationList = E3A58CC028A3CCA100941101 /* Build configuration list for PBXProject "FUGreenScreenComponent" */;
			compatibilityVersion = "Xcode 13.0";
			developmentRegion = en;
			hasScannedForEncodings = 0;
			knownRegions = (
				en,
				Base,
				"zh-Hans",
			);
			mainGroup = E3A58CBC28A3CCA100941101;
			productRefGroup = E3A58CC728A3CCA100941101 /* Products */;
			projectDirPath = "";
			projectRoot = "";
			targets = (
				E3A58CC528A3CCA100941101 /* FUGreenScreenComponent */,
			);
		};
/* End PBXProject section */

/* Begin PBXResourcesBuildPhase section */
		E3A58CC428A3CCA100941101 /* Resources */ = {
			isa = PBXResourcesBuildPhase;
			buildActionMask = 2147483647;
			files = (
				E3A58D8628A4B4F000941101 /* green_screen_keying.json in Resources */,
				E3A58D8D28A4B4F000941101 /* green_screen_background.json in Resources */,
			);
			runOnlyForDeploymentPostprocessing = 0;
		};
/* End PBXResourcesBuildPhase section */

/* Begin PBXSourcesBuildPhase section */
		E3A58CC228A3CCA100941101 /* Sources */ = {
			isa = PBXSourcesBuildPhase;
			buildActionMask = 2147483647;
			files = (
				E3A58CDF28A3CE0A00941101 /* FUGreenScreenBackgroundViewModel.m in Sources */,
				E3A58CE728A3CE3100941101 /* FUGreenScreenKeyingModel.m in Sources */,
				E3A58CFB28A3CE5900941101 /* FUGreenScreenSafeAreaView.m in Sources */,
				E3A58CF928A3CE5900941101 /* FUGreenScreenKeyingView.m in Sources */,
				E3A58D9128A4B5ED00941101 /* FUGreenScreenComponentManager.m in Sources */,
				E3A58D6128A4AEF500941101 /* FUGreenScreenDefine.m in Sources */,
				E3A58CDE28A3CE0A00941101 /* FUGreenScreenSafeAreaViewModel.m in Sources */,
				E3A58CDB28A3CE0A00941101 /* FUGreenScreenKeyingViewModel.m in Sources */,
				E3A58CEC28A3CE3100941101 /* FUGreenScreenSafeAreaModel.m in Sources */,
				E3A58CF828A3CE5900941101 /* FUGreenScreenBackgroundView.m in Sources */,
				E3A58CFC28A3CE5900941101 /* FUGreenScreenColorPicker.m in Sources */,
				E3A58CEB28A3CE3100941101 /* FUGreenScreenBackgroundModel.m in Sources */,
			);
			runOnlyForDeploymentPostprocessing = 0;
		};
/* End PBXSourcesBuildPhase section */

/* Begin XCBuildConfiguration section */
		E3A58CCB28A3CCA100941101 /* Debug */ = {
			isa = XCBuildConfiguration;
			buildSettings = {
				ALWAYS_SEARCH_USER_PATHS = NO;
				CLANG_ANALYZER_LOCALIZABILITY_NONLOCALIZED = YES;
				CLANG_ANALYZER_NONNULL = YES;
				CLANG_ANALYZER_NUMBER_OBJECT_CONVERSION = YES_AGGRESSIVE;
				CLANG_CXX_LANGUAGE_STANDARD = "gnu++17";
				CLANG_ENABLE_MODULES = YES;
				CLANG_ENABLE_OBJC_ARC = YES;
				CLANG_ENABLE_OBJC_WEAK = YES;
				CLANG_WARN_BLOCK_CAPTURE_AUTORELEASING = YES;
				CLANG_WARN_BOOL_CONVERSION = YES;
				CLANG_WARN_COMMA = YES;
				CLANG_WARN_CONSTANT_CONVERSION = YES;
				CLANG_WARN_DEPRECATED_OBJC_IMPLEMENTATIONS = YES;
				CLANG_WARN_DIRECT_OBJC_ISA_USAGE = YES_ERROR;
				CLANG_WARN_DOCUMENTATION_COMMENTS = YES;
				CLANG_WARN_EMPTY_BODY = YES;
				CLANG_WARN_ENUM_CONVERSION = YES;
				CLANG_WARN_INFINITE_RECURSION = YES;
				CLANG_WARN_INT_CONVERSION = YES;
				CLANG_WARN_NON_LITERAL_NULL_CONVERSION = YES;
				CLANG_WARN_OBJC_IMPLICIT_RETAIN_SELF = YES;
				CLANG_WARN_OBJC_LITERAL_CONVERSION = YES;
				CLANG_WARN_OBJC_ROOT_CLASS = YES_ERROR;
				CLANG_WARN_QUOTED_INCLUDE_IN_FRAMEWORK_HEADER = YES;
				CLANG_WARN_RANGE_LOOP_ANALYSIS = YES;
				CLANG_WARN_STRICT_PROTOTYPES = YES;
				CLANG_WARN_SUSPICIOUS_MOVE = YES;
				CLANG_WARN_UNGUARDED_AVAILABILITY = YES_AGGRESSIVE;
				CLANG_WARN_UNREACHABLE_CODE = YES;
				CLANG_WARN__DUPLICATE_METHOD_MATCH = YES;
				COPY_PHASE_STRIP = NO;
				CURRENT_PROJECT_VERSION = 1;
				DEBUG_INFORMATION_FORMAT = dwarf;
				ENABLE_STRICT_OBJC_MSGSEND = YES;
				ENABLE_TESTABILITY = YES;
				GCC_C_LANGUAGE_STANDARD = gnu11;
				GCC_DYNAMIC_NO_PIC = NO;
				GCC_NO_COMMON_BLOCKS = YES;
				GCC_OPTIMIZATION_LEVEL = 0;
				GCC_PREPROCESSOR_DEFINITIONS = (
					"DEBUG=1",
					"$(inherited)",
				);
				GCC_WARN_64_TO_32_BIT_CONVERSION = YES;
				GCC_WARN_ABOUT_RETURN_TYPE = YES_ERROR;
				GCC_WARN_UNDECLARED_SELECTOR = YES;
				GCC_WARN_UNINITIALIZED_AUTOS = YES_AGGRESSIVE;
				GCC_WARN_UNUSED_FUNCTION = YES;
				GCC_WARN_UNUSED_VARIABLE = YES;
				IPHONEOS_DEPLOYMENT_TARGET = 15.5;
				MTL_ENABLE_DEBUG_INFO = INCLUDE_SOURCE;
				MTL_FAST_MATH = YES;
				ONLY_ACTIVE_ARCH = YES;
				SDKROOT = iphoneos;
				VERSIONING_SYSTEM = "apple-generic";
				VERSION_INFO_PREFIX = "";
			};
			name = Debug;
		};
		E3A58CCC28A3CCA100941101 /* Release */ = {
			isa = XCBuildConfiguration;
			buildSettings = {
				ALWAYS_SEARCH_USER_PATHS = NO;
				CLANG_ANALYZER_LOCALIZABILITY_NONLOCALIZED = YES;
				CLANG_ANALYZER_NONNULL = YES;
				CLANG_ANALYZER_NUMBER_OBJECT_CONVERSION = YES_AGGRESSIVE;
				CLANG_CXX_LANGUAGE_STANDARD = "gnu++17";
				CLANG_ENABLE_MODULES = YES;
				CLANG_ENABLE_OBJC_ARC = YES;
				CLANG_ENABLE_OBJC_WEAK = YES;
				CLANG_WARN_BLOCK_CAPTURE_AUTORELEASING = YES;
				CLANG_WARN_BOOL_CONVERSION = YES;
				CLANG_WARN_COMMA = YES;
				CLANG_WARN_CONSTANT_CONVERSION = YES;
				CLANG_WARN_DEPRECATED_OBJC_IMPLEMENTATIONS = YES;
				CLANG_WARN_DIRECT_OBJC_ISA_USAGE = YES_ERROR;
				CLANG_WARN_DOCUMENTATION_COMMENTS = YES;
				CLANG_WARN_EMPTY_BODY = YES;
				CLANG_WARN_ENUM_CONVERSION = YES;
				CLANG_WARN_INFINITE_RECURSION = YES;
				CLANG_WARN_INT_CONVERSION = YES;
				CLANG_WARN_NON_LITERAL_NULL_CONVERSION = YES;
				CLANG_WARN_OBJC_IMPLICIT_RETAIN_SELF = YES;
				CLANG_WARN_OBJC_LITERAL_CONVERSION = YES;
				CLANG_WARN_OBJC_ROOT_CLASS = YES_ERROR;
				CLANG_WARN_QUOTED_INCLUDE_IN_FRAMEWORK_HEADER = YES;
				CLANG_WARN_RANGE_LOOP_ANALYSIS = YES;
				CLANG_WARN_STRICT_PROTOTYPES = YES;
				CLANG_WARN_SUSPICIOUS_MOVE = YES;
				CLANG_WARN_UNGUARDED_AVAILABILITY = YES_AGGRESSIVE;
				CLANG_WARN_UNREACHABLE_CODE = YES;
				CLANG_WARN__DUPLICATE_METHOD_MATCH = YES;
				COPY_PHASE_STRIP = NO;
				CURRENT_PROJECT_VERSION = 1;
				DEBUG_INFORMATION_FORMAT = "dwarf-with-dsym";
				ENABLE_NS_ASSERTIONS = NO;
				ENABLE_STRICT_OBJC_MSGSEND = YES;
				GCC_C_LANGUAGE_STANDARD = gnu11;
				GCC_NO_COMMON_BLOCKS = YES;
				GCC_WARN_64_TO_32_BIT_CONVERSION = YES;
				GCC_WARN_ABOUT_RETURN_TYPE = YES_ERROR;
				GCC_WARN_UNDECLARED_SELECTOR = YES;
				GCC_WARN_UNINITIALIZED_AUTOS = YES_AGGRESSIVE;
				GCC_WARN_UNUSED_FUNCTION = YES;
				GCC_WARN_UNUSED_VARIABLE = YES;
				IPHONEOS_DEPLOYMENT_TARGET = 15.5;
				MTL_ENABLE_DEBUG_INFO = NO;
				MTL_FAST_MATH = YES;
				SDKROOT = iphoneos;
				VALIDATE_PRODUCT = YES;
				VERSIONING_SYSTEM = "apple-generic";
				VERSION_INFO_PREFIX = "";
			};
			name = Release;
		};
		E3A58CCE28A3CCA100941101 /* Debug */ = {
			isa = XCBuildConfiguration;
			buildSettings = {
				CLANG_WARN_QUOTED_INCLUDE_IN_FRAMEWORK_HEADER = NO;
				CODE_SIGN_STYLE = Automatic;
				CURRENT_PROJECT_VERSION = 1;
				DEFINES_MODULE = YES;
				DEVELOPMENT_TEAM = 35A6KD62ZJ;
				DYLIB_COMPATIBILITY_VERSION = 1;
				DYLIB_CURRENT_VERSION = 1;
				DYLIB_INSTALL_NAME_BASE = "@rpath";
				ENABLE_BITCODE = NO;
				FRAMEWORK_SEARCH_PATHS = (
					"$(inherited)",
					"$(SRCROOT)/../FULiveDemo/FURenderKit",
				);
				GENERATE_INFOPLIST_FILE = YES;
				INFOPLIST_KEY_NSHumanReadableCopyright = "";
				INSTALL_PATH = "$(LOCAL_LIBRARY_DIR)/Frameworks";
				IPHONEOS_DEPLOYMENT_TARGET = 9.0;
				LD_RUNPATH_SEARCH_PATHS = (
					"$(inherited)",
					"@executable_path/Frameworks",
					"@loader_path/Frameworks",
				);
				MARKETING_VERSION = 1.0;
				PRODUCT_BUNDLE_IDENTIFIER = faceunity.FUGreenScreenComponent;
				PRODUCT_NAME = "$(TARGET_NAME:c99extidentifier)";
				SKIP_INSTALL = YES;
				SWIFT_EMIT_LOC_STRINGS = YES;
				TARGETED_DEVICE_FAMILY = "1,2";
			};
			name = Debug;
		};
		E3A58CCF28A3CCA100941101 /* Release */ = {
			isa = XCBuildConfiguration;
			buildSettings = {
				CLANG_WARN_QUOTED_INCLUDE_IN_FRAMEWORK_HEADER = NO;
				CODE_SIGN_STYLE = Automatic;
				CURRENT_PROJECT_VERSION = 1;
				DEFINES_MODULE = YES;
				DEVELOPMENT_TEAM = 35A6KD62ZJ;
				DYLIB_COMPATIBILITY_VERSION = 1;
				DYLIB_CURRENT_VERSION = 1;
				DYLIB_INSTALL_NAME_BASE = "@rpath";
				ENABLE_BITCODE = NO;
				FRAMEWORK_SEARCH_PATHS = (
					"$(inherited)",
					"$(SRCROOT)/../FULiveDemo/FURenderKit",
				);
				GENERATE_INFOPLIST_FILE = YES;
				INFOPLIST_KEY_NSHumanReadableCopyright = "";
				INSTALL_PATH = "$(LOCAL_LIBRARY_DIR)/Frameworks";
				IPHONEOS_DEPLOYMENT_TARGET = 9.0;
				LD_RUNPATH_SEARCH_PATHS = (
					"$(inherited)",
					"@executable_path/Frameworks",
					"@loader_path/Frameworks",
				);
				MARKETING_VERSION = 1.0;
				PRODUCT_BUNDLE_IDENTIFIER = faceunity.FUGreenScreenComponent;
				PRODUCT_NAME = "$(TARGET_NAME:c99extidentifier)";
				SKIP_INSTALL = YES;
				SWIFT_EMIT_LOC_STRINGS = YES;
				TARGETED_DEVICE_FAMILY = "1,2";
			};
			name = Release;
		};
/* End XCBuildConfiguration section */

/* Begin XCConfigurationList section */
		E3A58CC028A3CCA100941101 /* Build configuration list for PBXProject "FUGreenScreenComponent" */ = {
			isa = XCConfigurationList;
			buildConfigurations = (
				E3A58CCB28A3CCA100941101 /* Debug */,
				E3A58CCC28A3CCA100941101 /* Release */,
			);
			defaultConfigurationIsVisible = 0;
			defaultConfigurationName = Release;
		};
		E3A58CCD28A3CCA100941101 /* Build configuration list for PBXNativeTarget "FUGreenScreenComponent" */ = {
			isa = XCConfigurationList;
			buildConfigurations = (
				E3A58CCE28A3CCA100941101 /* Debug */,
				E3A58CCF28A3CCA100941101 /* Release */,
			);
			defaultConfigurationIsVisible = 0;
			defaultConfigurationName = Release;
		};
/* End XCConfigurationList section */
	};
	rootObject = E3A58CBD28A3CCA100941101 /* Project object */;
}
