// !$*UTF8*$!
{
	archiveVersion = 1;
	classes = {
	};
	objectVersion = 55;
	objects = {

/* Begin PBXBuildFile section */
		E3406A45288AAC5000373612 /* FUSquareButton.m in Sources */ = {isa = PBXBuildFile; fileRef = E3406A43288AAC5000373612 /* FUSquareButton.m */; };
		E3406A46288AAC5000373612 /* FUSquareButton.h in Headers */ = {isa = PBXBuildFile; fileRef = E3406A44288AAC5000373612 /* FUSquareButton.h */; settings = {ATTRIBUTES = (Public, ); }; };
		E34CFFA02892873900712C63 /* FUAlertController.m in Sources */ = {isa = PBXBuildFile; fileRef = E34CFF9C2892873800712C63 /* FUAlertController.m */; };
		E34CFFA12892873900712C63 /* FUAlertManager.h in Headers */ = {isa = PBXBuildFile; fileRef = E34CFF9D2892873900712C63 /* FUAlertManager.h */; settings = {ATTRIBUTES = (Public, ); }; };
		E34CFFA22892873900712C63 /* FUAlertManager.m in Sources */ = {isa = PBXBuildFile; fileRef = E34CFF9E2892873900712C63 /* FUAlertManager.m */; };
		E34CFFA32892873900712C63 /* FUAlertController.h in Headers */ = {isa = PBXBuildFile; fileRef = E34CFF9F2892873900712C63 /* FUAlertController.h */; };
		E35333632865AEDF00FFED9D /* FUItemsView.h in Headers */ = {isa = PBXBuildFile; fileRef = E35333612865AEDF00FFED9D /* FUItemsView.h */; settings = {ATTRIBUTES = (Public, ); }; };
		E35333642865AEDF00FFED9D /* FUItemsView.m in Sources */ = {isa = PBXBuildFile; fileRef = E35333622865AEDF00FFED9D /* FUItemsView.m */; };
		E35333672865AF7600FFED9D /* FUItemCell.h in Headers */ = {isa = PBXBuildFile; fileRef = E35333652865AF7600FFED9D /* FUItemCell.h */; settings = {ATTRIBUTES = (Public, ); }; };
		E35333682865AF7600FFED9D /* FUItemCell.m in Sources */ = {isa = PBXBuildFile; fileRef = E35333662865AF7600FFED9D /* FUItemCell.m */; };
		E36A0825285C895900A83553 /* FUCommonUIComponent.h in Headers */ = {isa = PBXBuildFile; fileRef = E36A0824285C895900A83553 /* FUCommonUIComponent.h */; settings = {ATTRIBUTES = (Public, ); }; };
		E36A082D285C89C200A83553 /* FUSegmentBar.m in Sources */ = {isa = PBXBuildFile; fileRef = E36A082B285C89C200A83553 /* FUSegmentBar.m */; };
		E36A082E285C89C200A83553 /* FUSegmentBar.h in Headers */ = {isa = PBXBuildFile; fileRef = E36A082C285C89C200A83553 /* FUSegmentBar.h */; settings = {ATTRIBUTES = (Public, ); }; };
		E3FF96232860591F004B13D7 /* FUSlider.m in Sources */ = {isa = PBXBuildFile; fileRef = E3FF96212860591F004B13D7 /* FUSlider.m */; };
		E3FF96242860591F004B13D7 /* FUSlider.h in Headers */ = {isa = PBXBuildFile; fileRef = E3FF96222860591F004B13D7 /* FUSlider.h */; settings = {ATTRIBUTES = (Public, ); }; };
		E3FF962728605987004B13D7 /* FUCommonUIComponent.xcassets in Resources */ = {isa = PBXBuildFile; fileRef = E3FF962628605987004B13D7 /* FUCommonUIComponent.xcassets */; };
		E3FF962E28605CA5004B13D7 /* FUInsetsLabel.h in Headers */ = {isa = PBXBuildFile; fileRef = E3FF962C28605CA5004B13D7 /* FUInsetsLabel.h */; settings = {ATTRIBUTES = (Public, ); }; };
		E3FF962F28605CA5004B13D7 /* FUInsetsLabel.m in Sources */ = {isa = PBXBuildFile; fileRef = E3FF962D28605CA5004B13D7 /* FUInsetsLabel.m */; };
		E3FF963328605F66004B13D7 /* FUTipHUD.m in Sources */ = {isa = PBXBuildFile; fileRef = E3FF963128605F66004B13D7 /* FUTipHUD.m */; };
		E3FF963428605F66004B13D7 /* FUTipHUD.h in Headers */ = {isa = PBXBuildFile; fileRef = E3FF963228605F66004B13D7 /* FUTipHUD.h */; settings = {ATTRIBUTES = (Public, ); }; };
		E3FF966628606435004B13D7 /* FUCommonUIDefine.h in Headers */ = {isa = PBXBuildFile; fileRef = E3FF9628286059F4004B13D7 /* FUCommonUIDefine.h */; };
/* End PBXBuildFile section */

/* Begin PBXFileReference section */
		E3406A43288AAC5000373612 /* FUSquareButton.m */ = {isa = PBXFileReference; fileEncoding = 4; lastKnownFileType = sourcecode.c.objc; path = FUSquareButton.m; sourceTree = "<group>"; };
		E3406A44288AAC5000373612 /* FUSquareButton.h */ = {isa = PBXFileReference; fileEncoding = 4; lastKnownFileType = sourcecode.c.h; path = FUSquareButton.h; sourceTree = "<group>"; };
		E34CFF9C2892873800712C63 /* FUAlertController.m */ = {isa = PBXFileReference; fileEncoding = 4; lastKnownFileType = sourcecode.c.objc; path = FUAlertController.m; sourceTree = "<group>"; };
		E34CFF9D2892873900712C63 /* FUAlertManager.h */ = {isa = PBXFileReference; fileEncoding = 4; lastKnownFileType = sourcecode.c.h; path = FUAlertManager.h; sourceTree = "<group>"; };
		E34CFF9E2892873900712C63 /* FUAlertManager.m */ = {isa = PBXFileReference; fileEncoding = 4; lastKnownFileType = sourcecode.c.objc; path = FUAlertManager.m; sourceTree = "<group>"; };
		E34CFF9F2892873900712C63 /* FUAlertController.h */ = {isa = PBXFileReference; fileEncoding = 4; lastKnownFileType = sourcecode.c.h; path = FUAlertController.h; sourceTree = "<group>"; };
		E35333612865AEDF00FFED9D /* FUItemsView.h */ = {isa = PBXFileReference; lastKnownFileType = sourcecode.c.h; path = FUItemsView.h; sourceTree = "<group>"; };
		E35333622865AEDF00FFED9D /* FUItemsView.m */ = {isa = PBXFileReference; lastKnownFileType = sourcecode.c.objc; path = FUItemsView.m; sourceTree = "<group>"; };
		E35333652865AF7600FFED9D /* FUItemCell.h */ = {isa = PBXFileReference; lastKnownFileType = sourcecode.c.h; path = FUItemCell.h; sourceTree = "<group>"; };
		E35333662865AF7600FFED9D /* FUItemCell.m */ = {isa = PBXFileReference; lastKnownFileType = sourcecode.c.objc; path = FUItemCell.m; sourceTree = "<group>"; };
		E36A0821285C895900A83553 /* FUCommonUIComponent.framework */ = {isa = PBXFileReference; explicitFileType = wrapper.framework; includeInIndex = 0; path = FUCommonUIComponent.framework; sourceTree = BUILT_PRODUCTS_DIR; };
		E36A0824285C895900A83553 /* FUCommonUIComponent.h */ = {isa = PBXFileReference; lastKnownFileType = sourcecode.c.h; path = FUCommonUIComponent.h; sourceTree = "<group>"; };
		E36A082B285C89C200A83553 /* FUSegmentBar.m */ = {isa = PBXFileReference; fileEncoding = 4; lastKnownFileType = sourcecode.c.objc; path = FUSegmentBar.m; sourceTree = "<group>"; };
		E36A082C285C89C200A83553 /* FUSegmentBar.h */ = {isa = PBXFileReference; fileEncoding = 4; lastKnownFileType = sourcecode.c.h; path = FUSegmentBar.h; sourceTree = "<group>"; };
		E3FF96212860591F004B13D7 /* FUSlider.m */ = {isa = PBXFileReference; fileEncoding = 4; lastKnownFileType = sourcecode.c.objc; path = FUSlider.m; sourceTree = "<group>"; };
		E3FF96222860591F004B13D7 /* FUSlider.h */ = {isa = PBXFileReference; fileEncoding = 4; lastKnownFileType = sourcecode.c.h; path = FUSlider.h; sourceTree = "<group>"; };
		E3FF962628605987004B13D7 /* FUCommonUIComponent.xcassets */ = {isa = PBXFileReference; lastKnownFileType = folder.assetcatalog; path = FUCommonUIComponent.xcassets; sourceTree = "<group>"; };
		E3FF9628286059F4004B13D7 /* FUCommonUIDefine.h */ = {isa = PBXFileReference; lastKnownFileType = sourcecode.c.h; path = FUCommonUIDefine.h; sourceTree = "<group>"; };
		E3FF962C28605CA5004B13D7 /* FUInsetsLabel.h */ = {isa = PBXFileReference; lastKnownFileType = sourcecode.c.h; path = FUInsetsLabel.h; sourceTree = "<group>"; };
		E3FF962D28605CA5004B13D7 /* FUInsetsLabel.m */ = {isa = PBXFileReference; lastKnownFileType = sourcecode.c.objc; path = FUInsetsLabel.m; sourceTree = "<group>"; };
		E3FF963128605F66004B13D7 /* FUTipHUD.m */ = {isa = PBXFileReference; fileEncoding = 4; lastKnownFileType = sourcecode.c.objc; path = FUTipHUD.m; sourceTree = "<group>"; };
		E3FF963228605F66004B13D7 /* FUTipHUD.h */ = {isa = PBXFileReference; fileEncoding = 4; lastKnownFileType = sourcecode.c.h; path = FUTipHUD.h; sourceTree = "<group>"; };
/* End PBXFileReference section */

/* Begin PBXFrameworksBuildPhase section */
		E36A081E285C895900A83553 /* Frameworks */ = {
			isa = PBXFrameworksBuildPhase;
			buildActionMask = 2147483647;
			files = (
			);
			runOnlyForDeploymentPostprocessing = 0;
		};
/* End PBXFrameworksBuildPhase section */

/* Begin PBXGroup section */
		E3406A42288AAC3F00373612 /* FUSquareButton */ = {
			isa = PBXGroup;
			children = (
				E3406A44288AAC5000373612 /* FUSquareButton.h */,
				E3406A43288AAC5000373612 /* FUSquareButton.m */,
			);
			path = FUSquareButton;
			sourceTree = "<group>";
		};
		E34CFF9B2892871E00712C63 /* FUAlert */ = {
			isa = PBXGroup;
			children = (
				E34CFF9F2892873900712C63 /* FUAlertController.h */,
				E34CFF9C2892873800712C63 /* FUAlertController.m */,
				E34CFF9D2892873900712C63 /* FUAlertManager.h */,
				E34CFF9E2892873900712C63 /* FUAlertManager.m */,
			);
			path = FUAlert;
			sourceTree = "<group>";
		};
		E35333602865AD1200FFED9D /* FUItemsView */ = {
			isa = PBXGroup;
			children = (
				E35333612865AEDF00FFED9D /* FUItemsView.h */,
				E35333622865AEDF00FFED9D /* FUItemsView.m */,
				E35333652865AF7600FFED9D /* FUItemCell.h */,
				E35333662865AF7600FFED9D /* FUItemCell.m */,
			);
			path = FUItemsView;
			sourceTree = "<group>";
		};
		E36A0817285C895900A83553 = {
			isa = PBXGroup;
			children = (
				E36A0823285C895900A83553 /* FUCommonUIComponent */,
				E36A0822285C895900A83553 /* Products */,
			);
			sourceTree = "<group>";
		};
		E36A0822285C895900A83553 /* Products */ = {
			isa = PBXGroup;
			children = (
				E36A0821285C895900A83553 /* FUCommonUIComponent.framework */,
			);
			name = Products;
			sourceTree = "<group>";
		};
		E36A0823285C895900A83553 /* FUCommonUIComponent */ = {
			isa = PBXGroup;
			children = (
				E34CFF9B2892871E00712C63 /* FUAlert */,
				E3406A42288AAC3F00373612 /* FUSquareButton */,
				E35333602865AD1200FFED9D /* FUItemsView */,
				E3FF963028605F24004B13D7 /* FUTipHUD */,
				E3FF962B28605C79004B13D7 /* FUInsetsLabel */,
				E3FF962A28605B8C004B13D7 /* FUSegmentBar */,
				E3FF962928605B86004B13D7 /* FUSlider */,
				E3FF96252860596A004B13D7 /* Resource */,
				E36A0824285C895900A83553 /* FUCommonUIComponent.h */,
				E3FF9628286059F4004B13D7 /* FUCommonUIDefine.h */,
			);
			path = FUCommonUIComponent;
			sourceTree = "<group>";
		};
		E3FF96252860596A004B13D7 /* Resource */ = {
			isa = PBXGroup;
			children = (
				E3FF962628605987004B13D7 /* FUCommonUIComponent.xcassets */,
			);
			path = Resource;
			sourceTree = "<group>";
		};
		E3FF962928605B86004B13D7 /* FUSlider */ = {
			isa = PBXGroup;
			children = (
				E3FF96222860591F004B13D7 /* FUSlider.h */,
				E3FF96212860591F004B13D7 /* FUSlider.m */,
			);
			path = FUSlider;
			sourceTree = "<group>";
		};
		E3FF962A28605B8C004B13D7 /* FUSegmentBar */ = {
			isa = PBXGroup;
			children = (
				E36A082C285C89C200A83553 /* FUSegmentBar.h */,
				E36A082B285C89C200A83553 /* FUSegmentBar.m */,
			);
			path = FUSegmentBar;
			sourceTree = "<group>";
		};
		E3FF962B28605C79004B13D7 /* FUInsetsLabel */ = {
			isa = PBXGroup;
			children = (
				E3FF962C28605CA5004B13D7 /* FUInsetsLabel.h */,
				E3FF962D28605CA5004B13D7 /* FUInsetsLabel.m */,
			);
			path = FUInsetsLabel;
			sourceTree = "<group>";
		};
		E3FF963028605F24004B13D7 /* FUTipHUD */ = {
			isa = PBXGroup;
			children = (
				E3FF963228605F66004B13D7 /* FUTipHUD.h */,
				E3FF963128605F66004B13D7 /* FUTipHUD.m */,
			);
			path = FUTipHUD;
			sourceTree = "<group>";
		};
/* End PBXGroup section */

/* Begin PBXHeadersBuildPhase section */
		E36A081C285C895900A83553 /* Headers */ = {
			isa = PBXHeadersBuildPhase;
			buildActionMask = 2147483647;
			files = (
				E3FF96242860591F004B13D7 /* FUSlider.h in Headers */,
				E34CFFA32892873900712C63 /* FUAlertController.h in Headers */,
				E36A0825285C895900A83553 /* FUCommonUIComponent.h in Headers */,
				E3FF962E28605CA5004B13D7 /* FUInsetsLabel.h in Headers */,
				E35333632865AEDF00FFED9D /* FUItemsView.h in Headers */,
				E3406A46288AAC5000373612 /* FUSquareButton.h in Headers */,
				E35333672865AF7600FFED9D /* FUItemCell.h in Headers */,
				E3FF966628606435004B13D7 /* FUCommonUIDefine.h in Headers */,
				E34CFFA12892873900712C63 /* FUAlertManager.h in Headers */,
				E36A082E285C89C200A83553 /* FUSegmentBar.h in Headers */,
				E3FF963428605F66004B13D7 /* FUTipHUD.h in Headers */,
			);
			runOnlyForDeploymentPostprocessing = 0;
		};
/* End PBXHeadersBuildPhase section */

/* Begin PBXNativeTarget section */
		E36A0820285C895900A83553 /* FUCommonUIComponent */ = {
			isa = PBXNativeTarget;
			buildConfigurationList = E36A0828285C895900A83553 /* Build configuration list for PBXNativeTarget "FUCommonUIComponent" */;
			buildPhases = (
				E36A081C285C895900A83553 /* Headers */,
				E36A081D285C895900A83553 /* Sources */,
				E36A081E285C895900A83553 /* Frameworks */,
				E36A081F285C895900A83553 /* Resources */,
			);
			buildRules = (
			);
			dependencies = (
			);
			name = FUCommonUIComponent;
			productName = FUCommonUIComponent;
			productReference = E36A0821285C895900A83553 /* FUCommonUIComponent.framework */;
			productType = "com.apple.product-type.framework";
		};
/* End PBXNativeTarget section */

/* Begin PBXProject section */
		E36A0818285C895900A83553 /* Project object */ = {
			isa = PBXProject;
			attributes = {
				BuildIndependentTargetsInParallel = 1;
				LastUpgradeCheck = 1330;
				TargetAttributes = {
					E36A0820285C895900A83553 = {
						CreatedOnToolsVersion = 13.3.1;
					};
				};
			};
			buildConfigurationList = E36A081B285C895900A83553 /* Build configuration list for PBXProject "FUCommonUIComponent" */;
			compatibilityVersion = "Xcode 13.0";
			developmentRegion = en;
			hasScannedForEncodings = 0;
			knownRegions = (
				en,
				Base,
			);
			mainGroup = E36A0817285C895900A83553;
			productRefGroup = E36A0822285C895900A83553 /* Products */;
			projectDirPath = "";
			projectRoot = "";
			targets = (
				E36A0820285C895900A83553 /* FUCommonUIComponent */,
			);
		};
/* End PBXProject section */

/* Begin PBXResourcesBuildPhase section */
		E36A081F285C895900A83553 /* Resources */ = {
			isa = PBXResourcesBuildPhase;
			buildActionMask = 2147483647;
			files = (
				E3FF962728605987004B13D7 /* FUCommonUIComponent.xcassets in Resources */,
			);
			runOnlyForDeploymentPostprocessing = 0;
		};
/* End PBXResourcesBuildPhase section */

/* Begin PBXSourcesBuildPhase section */
		E36A081D285C895900A83553 /* Sources */ = {
			isa = PBXSourcesBuildPhase;
			buildActionMask = 2147483647;
			files = (
				E35333642865AEDF00FFED9D /* FUItemsView.m in Sources */,
				E36A082D285C89C200A83553 /* FUSegmentBar.m in Sources */,
				E34CFFA22892873900712C63 /* FUAlertManager.m in Sources */,
				E3FF96232860591F004B13D7 /* FUSlider.m in Sources */,
				E35333682865AF7600FFED9D /* FUItemCell.m in Sources */,
				E34CFFA02892873900712C63 /* FUAlertController.m in Sources */,
				E3FF963328605F66004B13D7 /* FUTipHUD.m in Sources */,
				E3FF962F28605CA5004B13D7 /* FUInsetsLabel.m in Sources */,
				E3406A45288AAC5000373612 /* FUSquareButton.m in Sources */,
			);
			runOnlyForDeploymentPostprocessing = 0;
		};
/* End PBXSourcesBuildPhase section */

/* Begin XCBuildConfiguration section */
		E36A0826285C895900A83553 /* Debug */ = {
			isa = XCBuildConfiguration;
			buildSettings = {
				ALWAYS_SEARCH_USER_PATHS = NO;
				CLANG_ANALYZER_NONNULL = YES;
				CLANG_ANALYZER_NUMBER_OBJECT_CONVERSION = YES_AGGRESSIVE;
				CLANG_CXX_LANGUAGE_STANDARD = "gnu++17";
				CLANG_ENABLE_MODULES = YES;
				CLANG_ENABLE_OBJC_ARC = YES;
				CLANG_ENABLE_OBJC_WEAK = YES;
				CLANG_WARN_BLOCK_CAPTURE_AUTORELEASING = YES;
				CLANG_WARN_BOOL_CONVERSION = YES;
				CLANG_WARN_COMMA = YES;
				CLANG_WARN_CONSTANT_CONVERSION = YES;
				CLANG_WARN_DEPRECATED_OBJC_IMPLEMENTATIONS = YES;
				CLANG_WARN_DIRECT_OBJC_ISA_USAGE = YES_ERROR;
				CLANG_WARN_DOCUMENTATION_COMMENTS = YES;
				CLANG_WARN_EMPTY_BODY = YES;
				CLANG_WARN_ENUM_CONVERSION = YES;
				CLANG_WARN_INFINITE_RECURSION = YES;
				CLANG_WARN_INT_CONVERSION = YES;
				CLANG_WARN_NON_LITERAL_NULL_CONVERSION = YES;
				CLANG_WARN_OBJC_IMPLICIT_RETAIN_SELF = YES;
				CLANG_WARN_OBJC_LITERAL_CONVERSION = YES;
				CLANG_WARN_OBJC_ROOT_CLASS = YES_ERROR;
				CLANG_WARN_QUOTED_INCLUDE_IN_FRAMEWORK_HEADER = YES;
				CLANG_WARN_RANGE_LOOP_ANALYSIS = YES;
				CLANG_WARN_STRICT_PROTOTYPES = YES;
				CLANG_WARN_SUSPICIOUS_MOVE = YES;
				CLANG_WARN_UNGUARDED_AVAILABILITY = YES_AGGRESSIVE;
				CLANG_WARN_UNREACHABLE_CODE = YES;
				CLANG_WARN__DUPLICATE_METHOD_MATCH = YES;
				COPY_PHASE_STRIP = NO;
				CURRENT_PROJECT_VERSION = 1;
				DEBUG_INFORMATION_FORMAT = dwarf;
				ENABLE_STRICT_OBJC_MSGSEND = YES;
				ENABLE_TESTABILITY = YES;
				GCC_C_LANGUAGE_STANDARD = gnu11;
				GCC_DYNAMIC_NO_PIC = NO;
				GCC_NO_COMMON_BLOCKS = YES;
				GCC_OPTIMIZATION_LEVEL = 0;
				GCC_PREPROCESSOR_DEFINITIONS = (
					"DEBUG=1",
					"$(inherited)",
				);
				GCC_WARN_64_TO_32_BIT_CONVERSION = YES;
				GCC_WARN_ABOUT_RETURN_TYPE = YES_ERROR;
				GCC_WARN_UNDECLARED_SELECTOR = YES;
				GCC_WARN_UNINITIALIZED_AUTOS = YES_AGGRESSIVE;
				GCC_WARN_UNUSED_FUNCTION = YES;
				GCC_WARN_UNUSED_VARIABLE = YES;
				IPHONEOS_DEPLOYMENT_TARGET = 15.4;
				MTL_ENABLE_DEBUG_INFO = INCLUDE_SOURCE;
				MTL_FAST_MATH = YES;
				ONLY_ACTIVE_ARCH = YES;
				SDKROOT = iphoneos;
				VERSIONING_SYSTEM = "apple-generic";
				VERSION_INFO_PREFIX = "";
			};
			name = Debug;
		};
		E36A0827285C895900A83553 /* Release */ = {
			isa = XCBuildConfiguration;
			buildSettings = {
				ALWAYS_SEARCH_USER_PATHS = NO;
				CLANG_ANALYZER_NONNULL = YES;
				CLANG_ANALYZER_NUMBER_OBJECT_CONVERSION = YES_AGGRESSIVE;
				CLANG_CXX_LANGUAGE_STANDARD = "gnu++17";
				CLANG_ENABLE_MODULES = YES;
				CLANG_ENABLE_OBJC_ARC = YES;
				CLANG_ENABLE_OBJC_WEAK = YES;
				CLANG_WARN_BLOCK_CAPTURE_AUTORELEASING = YES;
				CLANG_WARN_BOOL_CONVERSION = YES;
				CLANG_WARN_COMMA = YES;
				CLANG_WARN_CONSTANT_CONVERSION = YES;
				CLANG_WARN_DEPRECATED_OBJC_IMPLEMENTATIONS = YES;
				CLANG_WARN_DIRECT_OBJC_ISA_USAGE = YES_ERROR;
				CLANG_WARN_DOCUMENTATION_COMMENTS = YES;
				CLANG_WARN_EMPTY_BODY = YES;
				CLANG_WARN_ENUM_CONVERSION = YES;
				CLANG_WARN_INFINITE_RECURSION = YES;
				CLANG_WARN_INT_CONVERSION = YES;
				CLANG_WARN_NON_LITERAL_NULL_CONVERSION = YES;
				CLANG_WARN_OBJC_IMPLICIT_RETAIN_SELF = YES;
				CLANG_WARN_OBJC_LITERAL_CONVERSION = YES;
				CLANG_WARN_OBJC_ROOT_CLASS = YES_ERROR;
				CLANG_WARN_QUOTED_INCLUDE_IN_FRAMEWORK_HEADER = YES;
				CLANG_WARN_RANGE_LOOP_ANALYSIS = YES;
				CLANG_WARN_STRICT_PROTOTYPES = YES;
				CLANG_WARN_SUSPICIOUS_MOVE = YES;
				CLANG_WARN_UNGUARDED_AVAILABILITY = YES_AGGRESSIVE;
				CLANG_WARN_UNREACHABLE_CODE = YES;
				CLANG_WARN__DUPLICATE_METHOD_MATCH = YES;
				COPY_PHASE_STRIP = NO;
				CURRENT_PROJECT_VERSION = 1;
				DEBUG_INFORMATION_FORMAT = "dwarf-with-dsym";
				ENABLE_NS_ASSERTIONS = NO;
				ENABLE_STRICT_OBJC_MSGSEND = YES;
				GCC_C_LANGUAGE_STANDARD = gnu11;
				GCC_NO_COMMON_BLOCKS = YES;
				GCC_WARN_64_TO_32_BIT_CONVERSION = YES;
				GCC_WARN_ABOUT_RETURN_TYPE = YES_ERROR;
				GCC_WARN_UNDECLARED_SELECTOR = YES;
				GCC_WARN_UNINITIALIZED_AUTOS = YES_AGGRESSIVE;
				GCC_WARN_UNUSED_FUNCTION = YES;
				GCC_WARN_UNUSED_VARIABLE = YES;
				IPHONEOS_DEPLOYMENT_TARGET = 15.4;
				MTL_ENABLE_DEBUG_INFO = NO;
				MTL_FAST_MATH = YES;
				SDKROOT = iphoneos;
				VALIDATE_PRODUCT = YES;
				VERSIONING_SYSTEM = "apple-generic";
				VERSION_INFO_PREFIX = "";
			};
			name = Release;
		};
		E36A0829285C895900A83553 /* Debug */ = {
			isa = XCBuildConfiguration;
			buildSettings = {
				CLANG_WARN_QUOTED_INCLUDE_IN_FRAMEWORK_HEADER = NO;
				CODE_SIGN_STYLE = Automatic;
				CURRENT_PROJECT_VERSION = 1;
				DEFINES_MODULE = YES;
				DEVELOPMENT_TEAM = 35A6KD62ZJ;
				DYLIB_COMPATIBILITY_VERSION = 1;
				DYLIB_CURRENT_VERSION = 1;
				DYLIB_INSTALL_NAME_BASE = "@rpath";
				ENABLE_BITCODE = NO;
				GENERATE_INFOPLIST_FILE = YES;
				INFOPLIST_KEY_NSHumanReadableCopyright = "";
				INSTALL_PATH = "$(LOCAL_LIBRARY_DIR)/Frameworks";
				IPHONEOS_DEPLOYMENT_TARGET = 9.0;
				LD_RUNPATH_SEARCH_PATHS = (
					"$(inherited)",
					"@executable_path/Frameworks",
					"@loader_path/Frameworks",
				);
				MARKETING_VERSION = 1.0;
				PRODUCT_BUNDLE_IDENTIFIER = faceunity.FUCommonUIComponent;
				PRODUCT_NAME = "$(TARGET_NAME:c99extidentifier)";
				SKIP_INSTALL = YES;
				SWIFT_EMIT_LOC_STRINGS = YES;
				TARGETED_DEVICE_FAMILY = "1,2";
			};
			name = Debug;
		};
		E36A082A285C895900A83553 /* Release */ = {
			isa = XCBuildConfiguration;
			buildSettings = {
				CLANG_WARN_QUOTED_INCLUDE_IN_FRAMEWORK_HEADER = NO;
				CODE_SIGN_STYLE = Automatic;
				CURRENT_PROJECT_VERSION = 1;
				DEFINES_MODULE = YES;
				DEVELOPMENT_TEAM = 35A6KD62ZJ;
				DYLIB_COMPATIBILITY_VERSION = 1;
				DYLIB_CURRENT_VERSION = 1;
				DYLIB_INSTALL_NAME_BASE = "@rpath";
				ENABLE_BITCODE = NO;
				GENERATE_INFOPLIST_FILE = YES;
				INFOPLIST_KEY_NSHumanReadableCopyright = "";
				INSTALL_PATH = "$(LOCAL_LIBRARY_DIR)/Frameworks";
				IPHONEOS_DEPLOYMENT_TARGET = 9.0;
				LD_RUNPATH_SEARCH_PATHS = (
					"$(inherited)",
					"@executable_path/Frameworks",
					"@loader_path/Frameworks",
				);
				MARKETING_VERSION = 1.0;
				PRODUCT_BUNDLE_IDENTIFIER = faceunity.FUCommonUIComponent;
				PRODUCT_NAME = "$(TARGET_NAME:c99extidentifier)";
				SKIP_INSTALL = YES;
				SWIFT_EMIT_LOC_STRINGS = YES;
				TARGETED_DEVICE_FAMILY = "1,2";
			};
			name = Release;
		};
/* End XCBuildConfiguration section */

/* Begin XCConfigurationList section */
		E36A081B285C895900A83553 /* Build configuration list for PBXProject "FUCommonUIComponent" */ = {
			isa = XCConfigurationList;
			buildConfigurations = (
				E36A0826285C895900A83553 /* Debug */,
				E36A0827285C895900A83553 /* Release */,
			);
			defaultConfigurationIsVisible = 0;
			defaultConfigurationName = Release;
		};
		E36A0828285C895900A83553 /* Build configuration list for PBXNativeTarget "FUCommonUIComponent" */ = {
			isa = XCConfigurationList;
			buildConfigurations = (
				E36A0829285C895900A83553 /* Debug */,
				E36A082A285C895900A83553 /* Release */,
			);
			defaultConfigurationIsVisible = 0;
			defaultConfigurationName = Release;
		};
/* End XCConfigurationList section */
	};
	rootObject = E36A0818285C895900A83553 /* Project object */;
}
